
Microsoft Visual Studio Solution File, Format Version 12.00
# Visual Studio Version 17
VisualStudioVersion = 17.7.34009.444
MinimumVisualStudioVersion = 10.0.40219.1
Project("{FAE04EC0-301F-11D3-BF4B-00C04F79EFBC}") = "SoalDuaConsoleApp-SERA", "SoalDuaConsoleApp-SERA.csproj", "{623CD73C-D326-40D8-9062-734209056CB5}"
EndProject
Global
	GlobalSection(SolutionConfigurationPlatforms) = preSolution
		Debug|Any CPU = Debug|Any CPU
		Release|Any CPU = Release|Any CPU
	EndGlobalSection
	GlobalSection(ProjectConfigurationPlatforms) = postSolution
		{623CD73C-D326-40D8-9062-734209056CB5}.Debug|Any CPU.ActiveCfg = Debug|Any CPU
		{623CD73C-D326-40D8-9062-734209056CB5}.Debug|Any CPU.Build.0 = Debug|Any CPU
		{623CD73C-D326-40D8-9062-734209056CB5}.Release|Any CPU.ActiveCfg = Release|Any CPU
		{623CD73C-D326-40D8-9062-734209056CB5}.Release|Any CPU.Build.0 = Release|Any CPU
	EndGlobalSection
	GlobalSection(SolutionProperties) = preSolution
		HideSolutionNode = FALSE
	EndGlobalSection
	GlobalSection(ExtensibilityGlobals) = postSolution
		SolutionGuid = {469D97FA-F899-4337-806E-9B9BB3EFBF96}
	EndGlobalSection
EndGlobal
